
Microsoft Visual Studio Solution File, Format Version 12.00
# Visual Studio Version 16
VisualStudioVersion = 16.0.29306.81
MinimumVisualStudioVersion = 10.0.40219.1
Project("{FAE04EC0-301F-11D3-BF4B-00C04F79EFBC}") = "Api", "Api\Api.csproj", "{0B2E3489-715F-4272-8568-7733A6EB64A2}"
EndProject
Global
	GlobalSection(SolutionConfigurationPlatforms) = preSolution
		Debug|Any CPU = Debug|Any CPU
		Release|Any CPU = Release|Any CPU
	EndGlobalSection
	GlobalSection(ProjectConfigurationPlatforms) = postSolution
		{0B2E3489-715F-4272-8568-7733A6EB64A2}.Debug|Any CPU.ActiveCfg = Debug|Any CPU
		{0B2E3489-715F-4272-8568-7733A6EB64A2}.Debug|Any CPU.Build.0 = Debug|Any CPU
		{0B2E3489-715F-4272-8568-7733A6EB64A2}.Release|Any CPU.ActiveCfg = Release|Any CPU
		{0B2E3489-715F-4272-8568-7733A6EB64A2}.Release|Any CPU.Build.0 = Release|Any CPU
	EndGlobalSection
	GlobalSection(SolutionProperties) = preSolution
		HideSolutionNode = FALSE
	EndGlobalSection
	GlobalSection(ExtensibilityGlobals) = postSolution
		SolutionGuid = {2F4AA2F8-5C04-47A8-A052-0BE2508168AB}
	EndGlobalSection
EndGlobal
